// !$*UTF8*$!
{
	archiveVersion = 1;
	classes = {
	};
	objectVersion = 46;
	objects = {

/* Begin PBXBuildFile section */
		CE9C12611C321CDA0041C677 /* Main.storyboard in Resources */ = {isa = PBXBuildFile; fileRef = CE9C125F1C321CDA0041C677 /* Main.storyboard */; };
		CE9C12631C321CDA0041C677 /* Assets.xcassets in Resources */ = {isa = PBXBuildFile; fileRef = CE9C12621C321CDA0041C677 /* Assets.xcassets */; };
		CE9C12661C321CDA0041C677 /* LaunchScreen.storyboard in Resources */ = {isa = PBXBuildFile; fileRef = CE9C12641C321CDA0041C677 /* LaunchScreen.storyboard */; };
		CE9C12781C321D3D0041C677 /* AppDelegate.m in Sources */ = {isa = PBXBuildFile; fileRef = CE9C126F1C321D3D0041C677 /* AppDelegate.m */; };
		CE9C12791C321D3D0041C677 /* Info.plist in Resources */ = {isa = PBXBuildFile; fileRef = CE9C12701C321D3D0041C677 /* Info.plist */; };
		CE9C127A1C321D3D0041C677 /* main.m in Sources */ = {isa = PBXBuildFile; fileRef = CE9C12711C321D3D0041C677 /* main.m */; };
		CE9FCFD11C48DC8E00E128C5 /* ImageModel.m in Sources */ = {isa = PBXBuildFile; fileRef = CE9FCFD01C48DC8E00E128C5 /* ImageModel.m */; };
		CE9FCFF71C48DCBC00E128C5 /* MKAnnotationView+WebCache.m in Sources */ = {isa = PBXBuildFile; fileRef = CE9FCFD51C48DCBC00E128C5 /* MKAnnotationView+WebCache.m */; };
		CE9FCFF81C48DCBC00E128C5 /* NSData+ImageContentType.m in Sources */ = {isa = PBXBuildFile; fileRef = CE9FCFD71C48DCBC00E128C5 /* NSData+ImageContentType.m */; };
		CE9FCFF91C48DCBC00E128C5 /* SDImageCache.m in Sources */ = {isa = PBXBuildFile; fileRef = CE9FCFD91C48DCBC00E128C5 /* SDImageCache.m */; };
		CE9FCFFA1C48DCBC00E128C5 /* SDWebImageCompat.m in Sources */ = {isa = PBXBuildFile; fileRef = CE9FCFDB1C48DCBC00E128C5 /* SDWebImageCompat.m */; };
		CE9FCFFB1C48DCBC00E128C5 /* SDWebImageDecoder.m in Sources */ = {isa = PBXBuildFile; fileRef = CE9FCFDD1C48DCBC00E128C5 /* SDWebImageDecoder.m */; };
		CE9FCFFC1C48DCBC00E128C5 /* SDWebImageDownloader.m in Sources */ = {isa = PBXBuildFile; fileRef = CE9FCFDF1C48DCBC00E128C5 /* SDWebImageDownloader.m */; };
		CE9FCFFD1C48DCBC00E128C5 /* SDWebImageDownloaderOperation.m in Sources */ = {isa = PBXBuildFile; fileRef = CE9FCFE11C48DCBC00E128C5 /* SDWebImageDownloaderOperation.m */; };
		CE9FCFFE1C48DCBC00E128C5 /* SDWebImageManager.m in Sources */ = {isa = PBXBuildFile; fileRef = CE9FCFE31C48DCBC00E128C5 /* SDWebImageManager.m */; };
		CE9FCFFF1C48DCBC00E128C5 /* SDWebImagePrefetcher.m in Sources */ = {isa = PBXBuildFile; fileRef = CE9FCFE61C48DCBC00E128C5 /* SDWebImagePrefetcher.m */; };
		CE9FD0001C48DCBC00E128C5 /* TYAccount.m in Sources */ = {isa = PBXBuildFile; fileRef = CE9FCFE81C48DCBC00E128C5 /* TYAccount.m */; };
		CE9FD0011C48DCBC00E128C5 /* UIButton+WebCache.m in Sources */ = {isa = PBXBuildFile; fileRef = CE9FCFEA1C48DCBC00E128C5 /* UIButton+WebCache.m */; };
		CE9FD0021C48DCBC00E128C5 /* UIImage+GIF.m in Sources */ = {isa = PBXBuildFile; fileRef = CE9FCFEC1C48DCBC00E128C5 /* UIImage+GIF.m */; };
		CE9FD0031C48DCBC00E128C5 /* UIImage+MultiFormat.m in Sources */ = {isa = PBXBuildFile; fileRef = CE9FCFEE1C48DCBC00E128C5 /* UIImage+MultiFormat.m */; };
		CE9FD0041C48DCBC00E128C5 /* UIImage+WebP.m in Sources */ = {isa = PBXBuildFile; fileRef = CE9FCFF01C48DCBC00E128C5 /* UIImage+WebP.m */; };
		CE9FD0051C48DCBC00E128C5 /* UIImageView+HighlightedWebCache.m in Sources */ = {isa = PBXBuildFile; fileRef = CE9FCFF21C48DCBC00E128C5 /* UIImageView+HighlightedWebCache.m */; };
		CE9FD0061C48DCBC00E128C5 /* UIImageView+WebCache.m in Sources */ = {isa = PBXBuildFile; fileRef = CE9FCFF41C48DCBC00E128C5 /* UIImageView+WebCache.m */; };
		CE9FD0071C48DCBC00E128C5 /* UIView+WebCacheOperation.m in Sources */ = {isa = PBXBuildFile; fileRef = CE9FCFF61C48DCBC00E128C5 /* UIView+WebCacheOperation.m */; };
		CE9FD00A1C48DCC400E128C5 /* TYAsyncNetworking.m in Sources */ = {isa = PBXBuildFile; fileRef = CE9FD0091C48DCC400E128C5 /* TYAsyncNetworking.m */; };
		CE9FD0101C48DCD400E128C5 /* XWCollectionViewCell.m in Sources */ = {isa = PBXBuildFile; fileRef = CE9FD00C1C48DCD400E128C5 /* XWCollectionViewCell.m */; };
		CE9FD0111C48DCD400E128C5 /* XWCollectionViewCell.xib in Resources */ = {isa = PBXBuildFile; fileRef = CE9FD00D1C48DCD400E128C5 /* XWCollectionViewCell.xib */; };
		CE9FD0121C48DCD400E128C5 /* XWWaterFlowLayout.m in Sources */ = {isa = PBXBuildFile; fileRef = CE9FD00F1C48DCD400E128C5 /* XWWaterFlowLayout.m */; };
		CE9FD0151C48DCF300E128C5 /* ViewController.m in Sources */ = {isa = PBXBuildFile; fileRef = CE9FD0141C48DCF300E128C5 /* ViewController.m */; };
/* End PBXBuildFile section */

/* Begin PBXFileReference section */
		CE9C12531C321CDA0041C677 /* XWWaterFlowLayout.app */ = {isa = PBXFileReference; explicitFileType = wrapper.application; includeInIndex = 0; path = XWWaterFlowLayout.app; sourceTree = BUILT_PRODUCTS_DIR; };
		CE9C12601C321CDA0041C677 /* Base */ = {isa = PBXFileReference; lastKnownFileType = file.storyboard; name = Base; path = Base.lproj/Main.storyboard; sourceTree = "<group>"; };
		CE9C12621C321CDA0041C677 /* Assets.xcassets */ = {isa = PBXFileReference; lastKnownFileType = folder.assetcatalog; path = Assets.xcassets; sourceTree = "<group>"; };
		CE9C12651C321CDA0041C677 /* Base */ = {isa = PBXFileReference; lastKnownFileType = file.storyboard; name = Base; path = Base.lproj/LaunchScreen.storyboard; sourceTree = "<group>"; };
		CE9C126E1C321D3D0041C677 /* AppDelegate.h */ = {isa = PBXFileReference; fileEncoding = 4; lastKnownFileType = sourcecode.c.h; path = AppDelegate.h; sourceTree = "<group>"; };
		CE9C126F1C321D3D0041C677 /* AppDelegate.m */ = {isa = PBXFileReference; fileEncoding = 4; lastKnownFileType = sourcecode.c.objc; path = AppDelegate.m; sourceTree = "<group>"; };
		CE9C12701C321D3D0041C677 /* Info.plist */ = {isa = PBXFileReference; fileEncoding = 4; lastKnownFileType = text.plist.xml; path = Info.plist; sourceTree = "<group>"; };
		CE9C12711C321D3D0041C677 /* main.m */ = {isa = PBXFileReference; fileEncoding = 4; lastKnownFileType = sourcecode.c.objc; path = main.m; sourceTree = "<group>"; };
		CE9FCFCF1C48DC8E00E128C5 /* ImageModel.h */ = {isa = PBXFileReference; fileEncoding = 4; lastKnownFileType = sourcecode.c.h; path = ImageModel.h; sourceTree = "<group>"; };
		CE9FCFD01C48DC8E00E128C5 /* ImageModel.m */ = {isa = PBXFileReference; fileEncoding = 4; lastKnownFileType = sourcecode.c.objc; path = ImageModel.m; sourceTree = "<group>"; };
		CE9FCFD41C48DCBC00E128C5 /* MKAnnotationView+WebCache.h */ = {isa = PBXFileReference; fileEncoding = 4; lastKnownFileType = sourcecode.c.h; path = "MKAnnotationView+WebCache.h"; sourceTree = "<group>"; };
		CE9FCFD51C48DCBC00E128C5 /* MKAnnotationView+WebCache.m */ = {isa = PBXFileReference; fileEncoding = 4; lastKnownFileType = sourcecode.c.objc; path = "MKAnnotationView+WebCache.m"; sourceTree = "<group>"; };
		CE9FCFD61C48DCBC00E128C5 /* NSData+ImageContentType.h */ = {isa = PBXFileReference; fileEncoding = 4; lastKnownFileType = sourcecode.c.h; path = "NSData+ImageContentType.h"; sourceTree = "<group>"; };
		CE9FCFD71C48DCBC00E128C5 /* NSData+ImageContentType.m */ = {isa = PBXFileReference; fileEncoding = 4; lastKnownFileType = sourcecode.c.objc; path = "NSData+ImageContentType.m"; sourceTree = "<group>"; };
		CE9FCFD81C48DCBC00E128C5 /* SDImageCache.h */ = {isa = PBXFileReference; fileEncoding = 4; lastKnownFileType = sourcecode.c.h; path = SDImageCache.h; sourceTree = "<group>"; };
		CE9FCFD91C48DCBC00E128C5 /* SDImageCache.m */ = {isa = PBXFileReference; fileEncoding = 4; lastKnownFileType = sourcecode.c.objc; path = SDImageCache.m; sourceTree = "<group>"; };
		CE9FCFDA1C48DCBC00E128C5 /* SDWebImageCompat.h */ = {isa = PBXFileReference; fileEncoding = 4; lastKnownFileType = sourcecode.c.h; path = SDWebImageCompat.h; sourceTree = "<group>"; };
		CE9FCFDB1C48DCBC00E128C5 /* SDWebImageCompat.m */ = {isa = PBXFileReference; fileEncoding = 4; lastKnownFileType = sourcecode.c.objc; path = SDWebImageCompat.m; sourceTree = "<group>"; };
		CE9FCFDC1C48DCBC00E128C5 /* SDWebImageDecoder.h */ = {isa = PBXFileReference; fileEncoding = 4; lastKnownFileType = sourcecode.c.h; path = SDWebImageDecoder.h; sourceTree = "<group>"; };
		CE9FCFDD1C48DCBC00E128C5 /* SDWebImageDecoder.m */ = {isa = PBXFileReference; fileEncoding = 4; lastKnownFileType = sourcecode.c.objc; path = SDWebImageDecoder.m; sourceTree = "<group>"; };
		CE9FCFDE1C48DCBC00E128C5 /* SDWebImageDownloader.h */ = {isa = PBXFileReference; fileEncoding = 4; lastKnownFileType = sourcecode.c.h; path = SDWebImageDownloader.h; sourceTree = "<group>"; };
		CE9FCFDF1C48DCBC00E128C5 /* SDWebImageDownloader.m */ = {isa = PBXFileReference; fileEncoding = 4; lastKnownFileType = sourcecode.c.objc; path = SDWebImageDownloader.m; sourceTree = "<group>"; };
		CE9FCFE01C48DCBC00E128C5 /* SDWebImageDownloaderOperation.h */ = {isa = PBXFileReference; fileEncoding = 4; lastKnownFileType = sourcecode.c.h; path = SDWebImageDownloaderOperation.h; sourceTree = "<group>"; };
		CE9FCFE11C48DCBC00E128C5 /* SDWebImageDownloaderOperation.m */ = {isa = PBXFileReference; fileEncoding = 4; lastKnownFileType = sourcecode.c.objc; path = SDWebImageDownloaderOperation.m; sourceTree = "<group>"; };
		CE9FCFE21C48DCBC00E128C5 /* SDWebImageManager.h */ = {isa = PBXFileReference; fileEncoding = 4; lastKnownFileType = sourcecode.c.h; path = SDWebImageManager.h; sourceTree = "<group>"; };
		CE9FCFE31C48DCBC00E128C5 /* SDWebImageManager.m */ = {isa = PBXFileReference; fileEncoding = 4; lastKnownFileType = sourcecode.c.objc; path = SDWebImageManager.m; sourceTree = "<group>"; };
		CE9FCFE41C48DCBC00E128C5 /* SDWebImageOperation.h */ = {isa = PBXFileReference; fileEncoding = 4; lastKnownFileType = sourcecode.c.h; path = SDWebImageOperation.h; sourceTree = "<group>"; };
		CE9FCFE51C48DCBC00E128C5 /* SDWebImagePrefetcher.h */ = {isa = PBXFileReference; fileEncoding = 4; lastKnownFileType = sourcecode.c.h; path = SDWebImagePrefetcher.h; sourceTree = "<group>"; };
		CE9FCFE61C48DCBC00E128C5 /* SDWebImagePrefetcher.m */ = {isa = PBXFileReference; fileEncoding = 4; lastKnownFileType = sourcecode.c.objc; path = SDWebImagePrefetcher.m; sourceTree = "<group>"; };
		CE9FCFE71C48DCBC00E128C5 /* TYAccount.h */ = {isa = PBXFileReference; fileEncoding = 4; lastKnownFileType = sourcecode.c.h; path = TYAccount.h; sourceTree = "<group>"; };
		CE9FCFE81C48DCBC00E128C5 /* TYAccount.m */ = {isa = PBXFileReference; fileEncoding = 4; lastKnownFileType = sourcecode.c.objc; path = TYAccount.m; sourceTree = "<group>"; };
		CE9FCFE91C48DCBC00E128C5 /* UIButton+WebCache.h */ = {isa = PBXFileReference; fileEncoding = 4; lastKnownFileType = sourcecode.c.h; path = "UIButton+WebCache.h"; sourceTree = "<group>"; };
		CE9FCFEA1C48DCBC00E128C5 /* UIButton+WebCache.m */ = {isa = PBXFileReference; fileEncoding = 4; lastKnownFileType = sourcecode.c.objc; path = "UIButton+WebCache.m"; sourceTree = "<group>"; };
		CE9FCFEB1C48DCBC00E128C5 /* UIImage+GIF.h */ = {isa = PBXFileReference; fileEncoding = 4; lastKnownFileType = sourcecode.c.h; path = "UIImage+GIF.h"; sourceTree = "<group>"; };
		CE9FCFEC1C48DCBC00E128C5 /* UIImage+GIF.m */ = {isa = PBXFileReference; fileEncoding = 4; lastKnownFileType = sourcecode.c.objc; path = "UIImage+GIF.m"; sourceTree = "<group>"; };
		CE9FCFED1C48DCBC00E128C5 /* UIImage+MultiFormat.h */ = {isa = PBXFileReference; fileEncoding = 4; lastKnownFileType = sourcecode.c.h; path = "UIImage+MultiFormat.h"; sourceTree = "<group>"; };
		CE9FCFEE1C48DCBC00E128C5 /* UIImage+MultiFormat.m */ = {isa = PBXFileReference; fileEncoding = 4; lastKnownFileType = sourcecode.c.objc; path = "UIImage+MultiFormat.m"; sourceTree = "<group>"; };
		CE9FCFEF1C48DCBC00E128C5 /* UIImage+WebP.h */ = {isa = PBXFileReference; fileEncoding = 4; lastKnownFileType = sourcecode.c.h; path = "UIImage+WebP.h"; sourceTree = "<group>"; };
		CE9FCFF01C48DCBC00E128C5 /* UIImage+WebP.m */ = {isa = PBXFileReference; fileEncoding = 4; lastKnownFileType = sourcecode.c.objc; path = "UIImage+WebP.m"; sourceTree = "<group>"; };
		CE9FCFF11C48DCBC00E128C5 /* UIImageView+HighlightedWebCache.h */ = {isa = PBXFileReference; fileEncoding = 4; lastKnownFileType = sourcecode.c.h; path = "UIImageView+HighlightedWebCache.h"; sourceTree = "<group>"; };
		CE9FCFF21C48DCBC00E128C5 /* UIImageView+HighlightedWebCache.m */ = {isa = PBXFileReference; fileEncoding = 4; lastKnownFileType = sourcecode.c.objc; path = "UIImageView+HighlightedWebCache.m"; sourceTree = "<group>"; };
		CE9FCFF31C48DCBC00E128C5 /* UIImageView+WebCache.h */ = {isa = PBXFileReference; fileEncoding = 4; lastKnownFileType = sourcecode.c.h; path = "UIImageView+WebCache.h"; sourceTree = "<group>"; };
		CE9FCFF41C48DCBC00E128C5 /* UIImageView+WebCache.m */ = {isa = PBXFileReference; fileEncoding = 4; lastKnownFileType = sourcecode.c.objc; path = "UIImageView+WebCache.m"; sourceTree = "<group>"; };
		CE9FCFF51C48DCBC00E128C5 /* UIView+WebCacheOperation.h */ = {isa = PBXFileReference; fileEncoding = 4; lastKnownFileType = sourcecode.c.h; path = "UIView+WebCacheOperation.h"; sourceTree = "<group>"; };
		CE9FCFF61C48DCBC00E128C5 /* UIView+WebCacheOperation.m */ = {isa = PBXFileReference; fileEncoding = 4; lastKnownFileType = sourcecode.c.objc; path = "UIView+WebCacheOperation.m"; sourceTree = "<group>"; };
		CE9FD0081C48DCC400E128C5 /* TYAsyncNetworking.h */ = {isa = PBXFileReference; fileEncoding = 4; lastKnownFileType = sourcecode.c.h; path = TYAsyncNetworking.h; sourceTree = "<group>"; };
		CE9FD0091C48DCC400E128C5 /* TYAsyncNetworking.m */ = {isa = PBXFileReference; fileEncoding = 4; lastKnownFileType = sourcecode.c.objc; path = TYAsyncNetworking.m; sourceTree = "<group>"; };
		CE9FD00B1C48DCD400E128C5 /* XWCollectionViewCell.h */ = {isa = PBXFileReference; fileEncoding = 4; lastKnownFileType = sourcecode.c.h; path = XWCollectionViewCell.h; sourceTree = "<group>"; };
		CE9FD00C1C48DCD400E128C5 /* XWCollectionViewCell.m */ = {isa = PBXFileReference; fileEncoding = 4; lastKnownFileType = sourcecode.c.objc; path = XWCollectionViewCell.m; sourceTree = "<group>"; };
		CE9FD00D1C48DCD400E128C5 /* XWCollectionViewCell.xib */ = {isa = PBXFileReference; fileEncoding = 4; lastKnownFileType = file.xib; path = XWCollectionViewCell.xib; sourceTree = "<group>"; };
		CE9FD00E1C48DCD400E128C5 /* XWWaterFlowLayout.h */ = {isa = PBXFileReference; fileEncoding = 4; lastKnownFileType = sourcecode.c.h; path = XWWaterFlowLayout.h; sourceTree = "<group>"; };
		CE9FD00F1C48DCD400E128C5 /* XWWaterFlowLayout.m */ = {isa = PBXFileReference; fileEncoding = 4; lastKnownFileType = sourcecode.c.objc; path = XWWaterFlowLayout.m; sourceTree = "<group>"; };
		CE9FD0131C48DCF300E128C5 /* ViewController.h */ = {isa = PBXFileReference; fileEncoding = 4; lastKnownFileType = sourcecode.c.h; path = ViewController.h; sourceTree = "<group>"; };
		CE9FD0141C48DCF300E128C5 /* ViewController.m */ = {isa = PBXFileReference; fileEncoding = 4; lastKnownFileType = sourcecode.c.objc; path = ViewController.m; sourceTree = "<group>"; };
/* End PBXFileReference section */

/* Begin PBXFrameworksBuildPhase section */
		CE9C12501C321CDA0041C677 /* Frameworks */ = {
			isa = PBXFrameworksBuildPhase;
			buildActionMask = 2147483647;
			files = (
			);
			runOnlyForDeploymentPostprocessing = 0;
		};
/* End PBXFrameworksBuildPhase section */

/* Begin PBXGroup section */
		CE9C124A1C321CDA0041C677 = {
			isa = PBXGroup;
			children = (
				CE9C12551C321CDA0041C677 /* XWWaterFlowLayout */,
				CE9C12541C321CDA0041C677 /* Products */,
			);
			sourceTree = "<group>";
		};
		CE9C12541C321CDA0041C677 /* Products */ = {
			isa = PBXGroup;
			children = (
				CE9C12531C321CDA0041C677 /* XWWaterFlowLayout.app */,
			);
			name = Products;
			sourceTree = "<group>";
		};
		CE9C12551C321CDA0041C677 /* XWWaterFlowLayout */ = {
			isa = PBXGroup;
			children = (
				CE9FCFD21C48DCB400E128C5 /* Lib */,
				CE9C126D1C321D3D0041C677 /* Main */,
				CE9C12721C321D3D0041C677 /* MVC */,
				CE9C125F1C321CDA0041C677 /* Main.storyboard */,
				CE9C12621C321CDA0041C677 /* Assets.xcassets */,
				CE9C12641C321CDA0041C677 /* LaunchScreen.storyboard */,
				CE9C12561C321CDA0041C677 /* Supporting Files */,
			);
			path = XWWaterFlowLayout;
			sourceTree = "<group>";
		};
		CE9C12561C321CDA0041C677 /* Supporting Files */ = {
			isa = PBXGroup;
			children = (
			);
			name = "Supporting Files";
			sourceTree = "<group>";
		};
		CE9C126D1C321D3D0041C677 /* Main */ = {
			isa = PBXGroup;
			children = (
				CE9C126E1C321D3D0041C677 /* AppDelegate.h */,
				CE9C126F1C321D3D0041C677 /* AppDelegate.m */,
				CE9C12701C321D3D0041C677 /* Info.plist */,
				CE9C12711C321D3D0041C677 /* main.m */,
			);
			path = Main;
			sourceTree = "<group>";
		};
		CE9C12721C321D3D0041C677 /* MVC */ = {
			isa = PBXGroup;
			children = (
				CE9C12731C321D3D0041C677 /* Controller */,
				CE9C12761C321D3D0041C677 /* Model */,
				CE9FCFCF1C48DC8E00E128C5 /* ImageModel.h */,
				CE9FCFD01C48DC8E00E128C5 /* ImageModel.m */,
				CE9C12771C321D3D0041C677 /* View */,
			);
			path = MVC;
			sourceTree = "<group>";
		};
		CE9C12731C321D3D0041C677 /* Controller */ = {
			isa = PBXGroup;
			children = (
				CE9FD0131C48DCF300E128C5 /* ViewController.h */,
				CE9FD0141C48DCF300E128C5 /* ViewController.m */,
			);
			path = Controller;
			sourceTree = "<group>";
		};
		CE9C12761C321D3D0041C677 /* Model */ = {
			isa = PBXGroup;
			children = (
			);
			path = Model;
			sourceTree = "<group>";
		};
		CE9C12771C321D3D0041C677 /* View */ = {
			isa = PBXGroup;
			children = (
				CE9FD00B1C48DCD400E128C5 /* XWCollectionViewCell.h */,
				CE9FD00C1C48DCD400E128C5 /* XWCollectionViewCell.m */,
				CE9FD00D1C48DCD400E128C5 /* XWCollectionViewCell.xib */,
				CE9FD00E1C48DCD400E128C5 /* XWWaterFlowLayout.h */,
				CE9FD00F1C48DCD400E128C5 /* XWWaterFlowLayout.m */,
			);
			path = View;
			sourceTree = "<group>";
		};
		CE9FCFD21C48DCB400E128C5 /* Lib */ = {
			isa = PBXGroup;
			children = (
				CE9FD0081C48DCC400E128C5 /* TYAsyncNetworking.h */,
				CE9FD0091C48DCC400E128C5 /* TYAsyncNetworking.m */,
				CE9FCFD31C48DCBC00E128C5 /* SDWebImage */,
			);
			path = Lib;
			sourceTree = "<group>";
		};
		CE9FCFD31C48DCBC00E128C5 /* SDWebImage */ = {
			isa = PBXGroup;
			children = (
				CE9FCFD41C48DCBC00E128C5 /* MKAnnotationView+WebCache.h */,
				CE9FCFD51C48DCBC00E128C5 /* MKAnnotationView+WebCache.m */,
				CE9FCFD61C48DCBC00E128C5 /* NSData+ImageContentType.h */,
				CE9FCFD71C48DCBC00E128C5 /* NSData+ImageContentType.m */,
				CE9FCFD81C48DCBC00E128C5 /* SDImageCache.h */,
				CE9FCFD91C48DCBC00E128C5 /* SDImageCache.m */,
				CE9FCFDA1C48DCBC00E128C5 /* SDWebImageCompat.h */,
				CE9FCFDB1C48DCBC00E128C5 /* SDWebImageCompat.m */,
				CE9FCFDC1C48DCBC00E128C5 /* SDWebImageDecoder.h */,
				CE9FCFDD1C48DCBC00E128C5 /* SDWebImageDecoder.m */,
				CE9FCFDE1C48DCBC00E128C5 /* SDWebImageDownloader.h */,
				CE9FCFDF1C48DCBC00E128C5 /* SDWebImageDownloader.m */,
				CE9FCFE01C48DCBC00E128C5 /* SDWebImageDownloaderOperation.h */,
				CE9FCFE11C48DCBC00E128C5 /* SDWebImageDownloaderOperation.m */,
				CE9FCFE21C48DCBC00E128C5 /* SDWebImageManager.h */,
				CE9FCFE31C48DCBC00E128C5 /* SDWebImageManager.m */,
				CE9FCFE41C48DCBC00E128C5 /* SDWebImageOperation.h */,
				CE9FCFE51C48DCBC00E128C5 /* SDWebImagePrefetcher.h */,
				CE9FCFE61C48DCBC00E128C5 /* SDWebImagePrefetcher.m */,
				CE9FCFE71C48DCBC00E128C5 /* TYAccount.h */,
				CE9FCFE81C48DCBC00E128C5 /* TYAccount.m */,
				CE9FCFE91C48DCBC00E128C5 /* UIButton+WebCache.h */,
				CE9FCFEA1C48DCBC00E128C5 /* UIButton+WebCache.m */,
				CE9FCFEB1C48DCBC00E128C5 /* UIImage+GIF.h */,
				CE9FCFEC1C48DCBC00E128C5 /* UIImage+GIF.m */,
				CE9FCFED1C48DCBC00E128C5 /* UIImage+MultiFormat.h */,
				CE9FCFEE1C48DCBC00E128C5 /* UIImage+MultiFormat.m */,
				CE9FCFEF1C48DCBC00E128C5 /* UIImage+WebP.h */,
				CE9FCFF01C48DCBC00E128C5 /* UIImage+WebP.m */,
				CE9FCFF11C48DCBC00E128C5 /* UIImageView+HighlightedWebCache.h */,
				CE9FCFF21C48DCBC00E128C5 /* UIImageView+HighlightedWebCache.m */,
				CE9FCFF31C48DCBC00E128C5 /* UIImageView+WebCache.h */,
				CE9FCFF41C48DCBC00E128C5 /* UIImageView+WebCache.m */,
				CE9FCFF51C48DCBC00E128C5 /* UIView+WebCacheOperation.h */,
				CE9FCFF61C48DCBC00E128C5 /* UIView+WebCacheOperation.m */,
			);
			path = SDWebImage;
			sourceTree = "<group>";
		};
/* End PBXGroup section */

/* Begin PBXNativeTarget section */
		CE9C12521C321CDA0041C677 /* XWWaterFlowLayout */ = {
			isa = PBXNativeTarget;
			buildConfigurationList = CE9C126A1C321CDA0041C677 /* Build configuration list for PBXNativeTarget "XWWaterFlowLayout" */;
			buildPhases = (
				CE9C124F1C321CDA0041C677 /* Sources */,
				CE9C12501C321CDA0041C677 /* Frameworks */,
				CE9C12511C321CDA0041C677 /* Resources */,
			);
			buildRules = (
			);
			dependencies = (
			);
			name = XWWaterFlowLayout;
			productName = XWWaterFlowLayout;
			productReference = CE9C12531C321CDA0041C677 /* XWWaterFlowLayout.app */;
			productType = "com.apple.product-type.application";
		};
/* End PBXNativeTarget section */

/* Begin PBXProject section */
		CE9C124B1C321CDA0041C677 /* Project object */ = {
			isa = PBXProject;
			attributes = {
				LastUpgradeCheck = 0710;
				ORGANIZATIONNAME = EdwinXiang;
				TargetAttributes = {
					CE9C12521C321CDA0041C677 = {
						CreatedOnToolsVersion = 7.1;
					};
				};
			};
			buildConfigurationList = CE9C124E1C321CDA0041C677 /* Build configuration list for PBXProject "XWWaterFlowLayout" */;
			compatibilityVersion = "Xcode 3.2";
			developmentRegion = English;
			hasScannedForEncodings = 0;
			knownRegions = (
				en,
				Base,
			);
			mainGroup = CE9C124A1C321CDA0041C677;
			productRefGroup = CE9C12541C321CDA0041C677 /* Products */;
			projectDirPath = "";
			projectRoot = "";
			targets = (
				CE9C12521C321CDA0041C677 /* XWWaterFlowLayout */,
			);
		};
/* End PBXProject section */

/* Begin PBXResourcesBuildPhase section */
		CE9C12511C321CDA0041C677 /* Resources */ = {
			isa = PBXResourcesBuildPhase;
			buildActionMask = 2147483647;
			files = (
				CE9C12791C321D3D0041C677 /* Info.plist in Resources */,
				CE9C12661C321CDA0041C677 /* LaunchScreen.storyboard in Resources */,
				CE9C12631C321CDA0041C677 /* Assets.xcassets in Resources */,
				CE9FD0111C48DCD400E128C5 /* XWCollectionViewCell.xib in Resources */,
				CE9C12611C321CDA0041C677 /* Main.storyboard in Resources */,
			);
			runOnlyForDeploymentPostprocessing = 0;
		};
/* End PBXResourcesBuildPhase section */

/* Begin PBXSourcesBuildPhase section */
		CE9C124F1C321CDA0041C677 /* Sources */ = {
			isa = PBXSourcesBuildPhase;
			buildActionMask = 2147483647;
			files = (
				CE9FCFFD1C48DCBC00E128C5 /* SDWebImageDownloaderOperation.m in Sources */,
				CE9FD0051C48DCBC00E128C5 /* UIImageView+HighlightedWebCache.m in Sources */,
				CE9FD0061C48DCBC00E128C5 /* UIImageView+WebCache.m in Sources */,
				CE9FD0041C48DCBC00E128C5 /* UIImage+WebP.m in Sources */,
				CE9FCFFA1C48DCBC00E128C5 /* SDWebImageCompat.m in Sources */,
				CE9FCFFF1C48DCBC00E128C5 /* SDWebImagePrefetcher.m in Sources */,
				CE9C127A1C321D3D0041C677 /* main.m in Sources */,
				CE9C12781C321D3D0041C677 /* AppDelegate.m in Sources */,
				CE9FD0101C48DCD400E128C5 /* XWCollectionViewCell.m in Sources */,
				CE9FD0001C48DCBC00E128C5 /* TYAccount.m in Sources */,
				CE9FD0071C48DCBC00E128C5 /* UIView+WebCacheOperation.m in Sources */,
				CE9FD0011C48DCBC00E128C5 /* UIButton+WebCache.m in Sources */,
				CE9FD0031C48DCBC00E128C5 /* UIImage+MultiFormat.m in Sources */,
				CE9FD0121C48DCD400E128C5 /* XWWaterFlowLayout.m in Sources */,
				CE9FCFFC1C48DCBC00E128C5 /* SDWebImageDownloader.m in Sources */,
				CE9FCFF71C48DCBC00E128C5 /* MKAnnotationView+WebCache.m in Sources */,
				CE9FD00A1C48DCC400E128C5 /* TYAsyncNetworking.m in Sources */,
				CE9FD0021C48DCBC00E128C5 /* UIImage+GIF.m in Sources */,
				CE9FD0151C48DCF300E128C5 /* ViewController.m in Sources */,
				CE9FCFF81C48DCBC00E128C5 /* NSData+ImageContentType.m in Sources */,
				CE9FCFD11C48DC8E00E128C5 /* ImageModel.m in Sources */,
				CE9FCFFE1C48DCBC00E128C5 /* SDWebImageManager.m in Sources */,
				CE9FCFFB1C48DCBC00E128C5 /* SDWebImageDecoder.m in Sources */,
				CE9FCFF91C48DCBC00E128C5 /* SDImageCache.m in Sources */,
			);
			runOnlyForDeploymentPostprocessing = 0;
		};
/* End PBXSourcesBuildPhase section */

/* Begin PBXVariantGroup section */
		CE9C125F1C321CDA0041C677 /* Main.storyboard */ = {
			isa = PBXVariantGroup;
			children = (
				CE9C12601C321CDA0041C677 /* Base */,
			);
			name = Main.storyboard;
			sourceTree = "<group>";
		};
		CE9C12641C321CDA0041C677 /* LaunchScreen.storyboard */ = {
			isa = PBXVariantGroup;
			children = (
				CE9C12651C321CDA0041C677 /* Base */,
			);
			name = LaunchScreen.storyboard;
			sourceTree = "<group>";
		};
/* End PBXVariantGroup section */

/* Begin XCBuildConfiguration section */
		CE9C12681C321CDA0041C677 /* Debug */ = {
			isa = XCBuildConfiguration;
			buildSettings = {
				ALWAYS_SEARCH_USER_PATHS = NO;
				CLANG_CXX_LANGUAGE_STANDARD = "gnu++0x";
				CLANG_CXX_LIBRARY = "libc++";
				CLANG_ENABLE_MODULES = YES;
				CLANG_ENABLE_OBJC_ARC = YES;
				CLANG_WARN_BOOL_CONVERSION = YES;
				CLANG_WARN_CONSTANT_CONVERSION = YES;
				CLANG_WARN_DIRECT_OBJC_ISA_USAGE = YES_ERROR;
				CLANG_WARN_EMPTY_BODY = YES;
				CLANG_WARN_ENUM_CONVERSION = YES;
				CLANG_WARN_INT_CONVERSION = YES;
				CLANG_WARN_OBJC_ROOT_CLASS = YES_ERROR;
				CLANG_WARN_UNREACHABLE_CODE = YES;
				CLANG_WARN__DUPLICATE_METHOD_MATCH = YES;
				"CODE_SIGN_IDENTITY[sdk=iphoneos*]" = "iPhone Developer";
				COPY_PHASE_STRIP = NO;
				DEBUG_INFORMATION_FORMAT = dwarf;
				ENABLE_STRICT_OBJC_MSGSEND = YES;
				ENABLE_TESTABILITY = YES;
				GCC_C_LANGUAGE_STANDARD = gnu99;
				GCC_DYNAMIC_NO_PIC = NO;
				GCC_NO_COMMON_BLOCKS = YES;
				GCC_OPTIMIZATION_LEVEL = 0;
				GCC_PREPROCESSOR_DEFINITIONS = (
					"DEBUG=1",
					"$(inherited)",
				);
				GCC_WARN_64_TO_32_BIT_CONVERSION = YES;
				GCC_WARN_ABOUT_RETURN_TYPE = YES_ERROR;
				GCC_WARN_UNDECLARED_SELECTOR = YES;
				GCC_WARN_UNINITIALIZED_AUTOS = YES_AGGRESSIVE;
				GCC_WARN_UNUSED_FUNCTION = YES;
				GCC_WARN_UNUSED_VARIABLE = YES;
				IPHONEOS_DEPLOYMENT_TARGET = 9.1;
				MTL_ENABLE_DEBUG_INFO = YES;
				ONLY_ACTIVE_ARCH = YES;
				SDKROOT = iphoneos;
			};
			name = Debug;
		};
		CE9C12691C321CDA0041C677 /* Release */ = {
			isa = XCBuildConfiguration;
			buildSettings = {
				ALWAYS_SEARCH_USER_PATHS = NO;
				CLANG_CXX_LANGUAGE_STANDARD = "gnu++0x";
				CLANG_CXX_LIBRARY = "libc++";
				CLANG_ENABLE_MODULES = YES;
				CLANG_ENABLE_OBJC_ARC = YES;
				CLANG_WARN_BOOL_CONVERSION = YES;
				CLANG_WARN_CONSTANT_CONVERSION = YES;
				CLANG_WARN_DIRECT_OBJC_ISA_USAGE = YES_ERROR;
				CLANG_WARN_EMPTY_BODY = YES;
				CLANG_WARN_ENUM_CONVERSION = YES;
				CLANG_WARN_INT_CONVERSION = YES;
				CLANG_WARN_OBJC_ROOT_CLASS = YES_ERROR;
				CLANG_WARN_UNREACHABLE_CODE = YES;
				CLANG_WARN__DUPLICATE_METHOD_MATCH = YES;
				"CODE_SIGN_IDENTITY[sdk=iphoneos*]" = "iPhone Developer";
				COPY_PHASE_STRIP = NO;
				DEBUG_INFORMATION_FORMAT = "dwarf-with-dsym";
				ENABLE_NS_ASSERTIONS = NO;
				ENABLE_STRICT_OBJC_MSGSEND = YES;
				GCC_C_LANGUAGE_STANDARD = gnu99;
				GCC_NO_COMMON_BLOCKS = YES;
				GCC_WARN_64_TO_32_BIT_CONVERSION = YES;
				GCC_WARN_ABOUT_RETURN_TYPE = YES_ERROR;
				GCC_WARN_UNDECLARED_SELECTOR = YES;
				GCC_WARN_UNINITIALIZED_AUTOS = YES_AGGRESSIVE;
				GCC_WARN_UNUSED_FUNCTION = YES;
				GCC_WARN_UNUSED_VARIABLE = YES;
				IPHONEOS_DEPLOYMENT_TARGET = 9.1;
				MTL_ENABLE_DEBUG_INFO = NO;
				SDKROOT = iphoneos;
				VALIDATE_PRODUCT = YES;
			};
			name = Release;
		};
		CE9C126B1C321CDA0041C677 /* Debug */ = {
			isa = XCBuildConfiguration;
			buildSettings = {
				ASSETCATALOG_COMPILER_APPICON_NAME = AppIcon;
				INFOPLIST_FILE = "$(SRCROOT)/XWWaterFlowLayout/Main/Info.plist";
				LD_RUNPATH_SEARCH_PATHS = "$(inherited) @executable_path/Frameworks";
				PRODUCT_BUNDLE_IDENTIFIER = com.Edwin.hxl.XWWaterFlowLayout;
				PRODUCT_NAME = "$(TARGET_NAME)";
			};
			name = Debug;
		};
		CE9C126C1C321CDA0041C677 /* Release */ = {
			isa = XCBuildConfiguration;
			buildSettings = {
				ASSETCATALOG_COMPILER_APPICON_NAME = AppIcon;
				INFOPLIST_FILE = "$(SRCROOT)/XWWaterFlowLayout/Main/Info.plist";
				LD_RUNPATH_SEARCH_PATHS = "$(inherited) @executable_path/Frameworks";
				PRODUCT_BUNDLE_IDENTIFIER = com.Edwin.hxl.XWWaterFlowLayout;
				PRODUCT_NAME = "$(TARGET_NAME)";
			};
			name = Release;
		};
/* End XCBuildConfiguration section */

/* Begin XCConfigurationList section */
		CE9C124E1C321CDA0041C677 /* Build configuration list for PBXProject "XWWaterFlowLayout" */ = {
			isa = XCConfigurationList;
			buildConfigurations = (
				CE9C12681C321CDA0041C677 /* Debug */,
				CE9C12691C321CDA0041C677 /* Release */,
			);
			defaultConfigurationIsVisible = 0;
			defaultConfigurationName = Release;
		};
		CE9C126A1C321CDA0041C677 /* Build configuration list for PBXNativeTarget "XWWaterFlowLayout" */ = {
			isa = XCConfigurationList;
			buildConfigurations = (
				CE9C126B1C321CDA0041C677 /* Debug */,
				CE9C126C1C321CDA0041C677 /* Release */,
			);
			defaultConfigurationIsVisible = 0;
			defaultConfigurationName = Release;
		};
/* End XCConfigurationList section */
	};
	rootObject = CE9C124B1C321CDA0041C677 /* Project object */;
}
